
Microsoft Visual Studio Solution File, Format Version 12.00
# Visual Studio Express 2013 for Windows Desktop
VisualStudioVersion = 12.0.21005.1
MinimumVisualStudioVersion = 10.0.40219.1
Project("{8BC9CEB8-8B4A-11D0-8D11-00A0C91BC942}") = "testARTK+", "testARTK+\testARTK+.vcxproj", "{A449FA83-3C34-4895-9612-8A83A10FB2B4}"
EndProject
Project("{8BC9CEB8-8B4A-11D0-8D11-00A0C91BC942}") = "ARTKmulti", "ARTKmulti\ARTKmulti.vcxproj", "{5D50C39D-D9D5-45BC-9A1D-DC5449A933AA}"
EndProject
Global
	GlobalSection(SolutionConfigurationPlatforms) = preSolution
		Debug|Win32 = Debug|Win32
		Release|Win32 = Release|Win32
	EndGlobalSection
	GlobalSection(ProjectConfigurationPlatforms) = postSolution
		{A449FA83-3C34-4895-9612-8A83A10FB2B4}.Debug|Win32.ActiveCfg = Debug|Win32
		{A449FA83-3C34-4895-9612-8A83A10FB2B4}.Debug|Win32.Build.0 = Debug|Win32
		{A449FA83-3C34-4895-9612-8A83A10FB2B4}.Release|Win32.ActiveCfg = Release|Win32
		{A449FA83-3C34-4895-9612-8A83A10FB2B4}.Release|Win32.Build.0 = Release|Win32
		{5D50C39D-D9D5-45BC-9A1D-DC5449A933AA}.Debug|Win32.ActiveCfg = Debug|Win32
		{5D50C39D-D9D5-45BC-9A1D-DC5449A933AA}.Debug|Win32.Build.0 = Debug|Win32
		{5D50C39D-D9D5-45BC-9A1D-DC5449A933AA}.Release|Win32.ActiveCfg = Release|Win32
		{5D50C39D-D9D5-45BC-9A1D-DC5449A933AA}.Release|Win32.Build.0 = Release|Win32
	EndGlobalSection
	GlobalSection(SolutionProperties) = preSolution
		HideSolutionNode = FALSE
	EndGlobalSection
EndGlobal
